
Microsoft Visual Studio Solution File, Format Version 12.00
# Visual Studio Version 17
VisualStudioVersion = 17.9.34622.214
MinimumVisualStudioVersion = 10.0.40219.1
Project("{FAE04EC0-301F-11D3-BF4B-00C04F79EFBC}") = "AP4", "AP4\AP4.csproj", "{7A708826-839E-4C59-B828-D4B345277321}"
EndProject
Global
	GlobalSection(SolutionConfigurationPlatforms) = preSolution
		Debug|Any CPU = Debug|Any CPU
		Release|Any CPU = Release|Any CPU
	EndGlobalSection
	GlobalSection(ProjectConfigurationPlatforms) = postSolution
		{7A708826-839E-4C59-B828-D4B345277321}.Debug|Any CPU.ActiveCfg = Debug|Any CPU
		{7A708826-839E-4C59-B828-D4B345277321}.Debug|Any CPU.Build.0 = Debug|Any CPU
		{7A708826-839E-4C59-B828-D4B345277321}.Debug|Any CPU.Deploy.0 = Debug|Any CPU
		{7A708826-839E-4C59-B828-D4B345277321}.Release|Any CPU.ActiveCfg = Release|Any CPU
		{7A708826-839E-4C59-B828-D4B345277321}.Release|Any CPU.Build.0 = Release|Any CPU
		{7A708826-839E-4C59-B828-D4B345277321}.Release|Any CPU.Deploy.0 = Release|Any CPU
	EndGlobalSection
	GlobalSection(SolutionProperties) = preSolution
		HideSolutionNode = FALSE
	EndGlobalSection
	GlobalSection(ExtensibilityGlobals) = postSolution
		SolutionGuid = {C3AEF16F-0EA6-4B4C-A8BD-FA6E897F4F7C}
	EndGlobalSection
EndGlobal
